
Microsoft Visual Studio Solution File, Format Version 12.00
# Visual Studio Version 16
VisualStudioVersion = 16.0.30413.136
MinimumVisualStudioVersion = 10.0.40219.1
Project("{FAE04EC0-301F-11D3-BF4B-00C04F79EFBC}") = "FitnesstrackerMVVMSwitching", "FitnesstrackerMVVMSwitching\FitnesstrackerMVVMSwitching.csproj", "{D949D9D8-1368-4306-BAC9-3C20AC874AAC}"
EndProject
Project("{FAE04EC0-301F-11D3-BF4B-00C04F79EFBC}") = "DataAccess", "DataAccess\DataAccess.csproj", "{B10B7CA8-421D-4EFC-9ADC-C3E76CE7CF0C}"
EndProject
Global
	GlobalSection(SolutionConfigurationPlatforms) = preSolution
		Debug|Any CPU = Debug|Any CPU
		Release|Any CPU = Release|Any CPU
	EndGlobalSection
	GlobalSection(ProjectConfigurationPlatforms) = postSolution
		{D949D9D8-1368-4306-BAC9-3C20AC874AAC}.Debug|Any CPU.ActiveCfg = Debug|Any CPU
		{D949D9D8-1368-4306-BAC9-3C20AC874AAC}.Debug|Any CPU.Build.0 = Debug|Any CPU
		{D949D9D8-1368-4306-BAC9-3C20AC874AAC}.Release|Any CPU.ActiveCfg = Release|Any CPU
		{D949D9D8-1368-4306-BAC9-3C20AC874AAC}.Release|Any CPU.Build.0 = Release|Any CPU
		{B10B7CA8-421D-4EFC-9ADC-C3E76CE7CF0C}.Debug|Any CPU.ActiveCfg = Debug|Any CPU
		{B10B7CA8-421D-4EFC-9ADC-C3E76CE7CF0C}.Debug|Any CPU.Build.0 = Debug|Any CPU
		{B10B7CA8-421D-4EFC-9ADC-C3E76CE7CF0C}.Release|Any CPU.ActiveCfg = Release|Any CPU
		{B10B7CA8-421D-4EFC-9ADC-C3E76CE7CF0C}.Release|Any CPU.Build.0 = Release|Any CPU
	EndGlobalSection
	GlobalSection(SolutionProperties) = preSolution
		HideSolutionNode = FALSE
	EndGlobalSection
	GlobalSection(ExtensibilityGlobals) = postSolution
		SolutionGuid = {0654BD89-3594-4E20-9B18-0F340DE74367}
	EndGlobalSection
EndGlobal
